
Microsoft Visual Studio Solution File, Format Version 11.00
# Visual Studio 2010
Project("{2150E333-8FDC-42A3-9474-1A3956D46DE8}") = "Solution Items", "Solution Items", "{3C9D8CA2-6392-4B39-A11E-71E4FD4A619B}"
EndProject
Project("{FAE04EC0-301F-11D3-BF4B-00C04F79EFBC}") = "Catharsis.Commons.Tests", "Catharsis.Commons.Tests\Catharsis.Commons.Tests.csproj", "{3D98E1DB-E752-4C18-BFD8-BE1F4F354D3B}"
EndProject
Project("{FAE04EC0-301F-11D3-BF4B-00C04F79EFBC}") = "Catharsis.Commons.4.0", "Catharsis.Commons.4.0\Catharsis.Commons.4.0.csproj", "{E643EA81-71C3-4611-8350-6F42AB37D27B}"
EndProject
Project("{FAE04EC0-301F-11D3-BF4B-00C04F79EFBC}") = "Catharsis.Commons.3.5.CP", "Catharsis.Commons.3.5.CP\Catharsis.Commons.3.5.CP.csproj", "{92D78850-FF0D-4FCB-B243-EAC076E8CA6B}"
EndProject
Project("{FAE04EC0-301F-11D3-BF4B-00C04F79EFBC}") = "Catharsis.Commons.3.5", "Catharsis.Commons.3.5\Catharsis.Commons.3.5.csproj", "{638961CD-42BC-43F3-9C7A-1D082D3C879D}"
EndProject
Project("{FAE04EC0-301F-11D3-BF4B-00C04F79EFBC}") = "Catharsis.Commons.Silverlight.4", "Catharsis.Commons.Silverlight.4\Catharsis.Commons.Silverlight.4.csproj", "{BEDFF7FF-3486-4875-B143-2AF04EF49C8D}"
EndProject
Project("{FAE04EC0-301F-11D3-BF4B-00C04F79EFBC}") = "Catharsis.Commons.Silverlight.5", "Catharsis.Commons.Silverlight.5\Catharsis.Commons.Silverlight.5.csproj", "{849CC862-BB18-49CB-A0F4-32517D9E636F}"
EndProject
Project("{FAE04EC0-301F-11D3-BF4B-00C04F79EFBC}") = "Catharsis.Commons.Silverlight.3", "Catharsis.Commons.Silverlight.3\Catharsis.Commons.Silverlight.3.csproj", "{D4D44DD6-E90B-455A-BD99-29BD62BDE255}"
EndProject
Project("{FAE04EC0-301F-11D3-BF4B-00C04F79EFBC}") = "Catharsis.Commons.WP.7.1", "Catharsis.Commons.WP.7.1\Catharsis.Commons.WP.7.1.csproj", "{65EEA753-C157-4D3C-93F8-CFC3DA094C16}"
EndProject
Global
	GlobalSection(SolutionConfigurationPlatforms) = preSolution
		Debug|Any CPU = Debug|Any CPU
		Debug|Mixed Platforms = Debug|Mixed Platforms
		Debug|x86 = Debug|x86
		Release|Any CPU = Release|Any CPU
		Release|Mixed Platforms = Release|Mixed Platforms
		Release|x86 = Release|x86
	EndGlobalSection
	GlobalSection(ProjectConfigurationPlatforms) = postSolution
		{3D98E1DB-E752-4C18-BFD8-BE1F4F354D3B}.Debug|Any CPU.ActiveCfg = Debug|Any CPU
		{3D98E1DB-E752-4C18-BFD8-BE1F4F354D3B}.Debug|Any CPU.Build.0 = Debug|Any CPU
		{3D98E1DB-E752-4C18-BFD8-BE1F4F354D3B}.Debug|Mixed Platforms.ActiveCfg = Debug|Any CPU
		{3D98E1DB-E752-4C18-BFD8-BE1F4F354D3B}.Debug|Mixed Platforms.Build.0 = Debug|Any CPU
		{3D98E1DB-E752-4C18-BFD8-BE1F4F354D3B}.Debug|x86.ActiveCfg = Debug|Any CPU
		{3D98E1DB-E752-4C18-BFD8-BE1F4F354D3B}.Release|Any CPU.ActiveCfg = Release|Any CPU
		{3D98E1DB-E752-4C18-BFD8-BE1F4F354D3B}.Release|Any CPU.Build.0 = Release|Any CPU
		{3D98E1DB-E752-4C18-BFD8-BE1F4F354D3B}.Release|Mixed Platforms.ActiveCfg = Release|Any CPU
		{3D98E1DB-E752-4C18-BFD8-BE1F4F354D3B}.Release|Mixed Platforms.Build.0 = Release|Any CPU
		{3D98E1DB-E752-4C18-BFD8-BE1F4F354D3B}.Release|x86.ActiveCfg = Release|Any CPU
		{E643EA81-71C3-4611-8350-6F42AB37D27B}.Debug|Any CPU.ActiveCfg = Debug|Any CPU
		{E643EA81-71C3-4611-8350-6F42AB37D27B}.Debug|Any CPU.Build.0 = Debug|Any CPU
		{E643EA81-71C3-4611-8350-6F42AB37D27B}.Debug|Mixed Platforms.ActiveCfg = Debug|Any CPU
		{E643EA81-71C3-4611-8350-6F42AB37D27B}.Debug|Mixed Platforms.Build.0 = Debug|Any CPU
		{E643EA81-71C3-4611-8350-6F42AB37D27B}.Debug|x86.ActiveCfg = Debug|Any CPU
		{E643EA81-71C3-4611-8350-6F42AB37D27B}.Release|Any CPU.ActiveCfg = Release|Any CPU
		{E643EA81-71C3-4611-8350-6F42AB37D27B}.Release|Any CPU.Build.0 = Release|Any CPU
		{E643EA81-71C3-4611-8350-6F42AB37D27B}.Release|Mixed Platforms.ActiveCfg = Release|Any CPU
		{E643EA81-71C3-4611-8350-6F42AB37D27B}.Release|Mixed Platforms.Build.0 = Release|Any CPU
		{E643EA81-71C3-4611-8350-6F42AB37D27B}.Release|x86.ActiveCfg = Release|Any CPU
		{92D78850-FF0D-4FCB-B243-EAC076E8CA6B}.Debug|Any CPU.ActiveCfg = Debug|Any CPU
		{92D78850-FF0D-4FCB-B243-EAC076E8CA6B}.Debug|Any CPU.Build.0 = Debug|Any CPU
		{92D78850-FF0D-4FCB-B243-EAC076E8CA6B}.Debug|Mixed Platforms.ActiveCfg = Debug|Any CPU
		{92D78850-FF0D-4FCB-B243-EAC076E8CA6B}.Debug|Mixed Platforms.Build.0 = Debug|Any CPU
		{92D78850-FF0D-4FCB-B243-EAC076E8CA6B}.Debug|x86.ActiveCfg = Debug|Any CPU
		{92D78850-FF0D-4FCB-B243-EAC076E8CA6B}.Release|Any CPU.ActiveCfg = Release|Any CPU
		{92D78850-FF0D-4FCB-B243-EAC076E8CA6B}.Release|Any CPU.Build.0 = Release|Any CPU
		{92D78850-FF0D-4FCB-B243-EAC076E8CA6B}.Release|Mixed Platforms.ActiveCfg = Release|Any CPU
		{92D78850-FF0D-4FCB-B243-EAC076E8CA6B}.Release|Mixed Platforms.Build.0 = Release|Any CPU
		{92D78850-FF0D-4FCB-B243-EAC076E8CA6B}.Release|x86.ActiveCfg = Release|Any CPU
		{638961CD-42BC-43F3-9C7A-1D082D3C879D}.Debug|Any CPU.ActiveCfg = Debug|Any CPU
		{638961CD-42BC-43F3-9C7A-1D082D3C879D}.Debug|Any CPU.Build.0 = Debug|Any CPU
		{638961CD-42BC-43F3-9C7A-1D082D3C879D}.Debug|Mixed Platforms.ActiveCfg = Debug|Any CPU
		{638961CD-42BC-43F3-9C7A-1D082D3C879D}.Debug|Mixed Platforms.Build.0 = Debug|Any CPU
		{638961CD-42BC-43F3-9C7A-1D082D3C879D}.Debug|x86.ActiveCfg = Debug|Any CPU
		{638961CD-42BC-43F3-9C7A-1D082D3C879D}.Release|Any CPU.ActiveCfg = Release|Any CPU
		{638961CD-42BC-43F3-9C7A-1D082D3C879D}.Release|Any CPU.Build.0 = Release|Any CPU
		{638961CD-42BC-43F3-9C7A-1D082D3C879D}.Release|Mixed Platforms.ActiveCfg = Release|Any CPU
		{638961CD-42BC-43F3-9C7A-1D082D3C879D}.Release|Mixed Platforms.Build.0 = Release|Any CPU
		{638961CD-42BC-43F3-9C7A-1D082D3C879D}.Release|x86.ActiveCfg = Release|Any CPU
		{BEDFF7FF-3486-4875-B143-2AF04EF49C8D}.Debug|Any CPU.ActiveCfg = Debug|Any CPU
		{BEDFF7FF-3486-4875-B143-2AF04EF49C8D}.Debug|Any CPU.Build.0 = Debug|Any CPU
		{BEDFF7FF-3486-4875-B143-2AF04EF49C8D}.Debug|Mixed Platforms.ActiveCfg = Debug|Any CPU
		{BEDFF7FF-3486-4875-B143-2AF04EF49C8D}.Debug|Mixed Platforms.Build.0 = Debug|Any CPU
		{BEDFF7FF-3486-4875-B143-2AF04EF49C8D}.Debug|x86.ActiveCfg = Debug|Any CPU
		{BEDFF7FF-3486-4875-B143-2AF04EF49C8D}.Release|Any CPU.ActiveCfg = Release|Any CPU
		{BEDFF7FF-3486-4875-B143-2AF04EF49C8D}.Release|Any CPU.Build.0 = Release|Any CPU
		{BEDFF7FF-3486-4875-B143-2AF04EF49C8D}.Release|Mixed Platforms.ActiveCfg = Release|Any CPU
		{BEDFF7FF-3486-4875-B143-2AF04EF49C8D}.Release|Mixed Platforms.Build.0 = Release|Any CPU
		{BEDFF7FF-3486-4875-B143-2AF04EF49C8D}.Release|x86.ActiveCfg = Release|Any CPU
		{849CC862-BB18-49CB-A0F4-32517D9E636F}.Debug|Any CPU.ActiveCfg = Debug|Any CPU
		{849CC862-BB18-49CB-A0F4-32517D9E636F}.Debug|Any CPU.Build.0 = Debug|Any CPU
		{849CC862-BB18-49CB-A0F4-32517D9E636F}.Debug|Mixed Platforms.ActiveCfg = Debug|Any CPU
		{849CC862-BB18-49CB-A0F4-32517D9E636F}.Debug|Mixed Platforms.Build.0 = Debug|Any CPU
		{849CC862-BB18-49CB-A0F4-32517D9E636F}.Debug|x86.ActiveCfg = Debug|Any CPU
		{849CC862-BB18-49CB-A0F4-32517D9E636F}.Release|Any CPU.ActiveCfg = Release|Any CPU
		{849CC862-BB18-49CB-A0F4-32517D9E636F}.Release|Any CPU.Build.0 = Release|Any CPU
		{849CC862-BB18-49CB-A0F4-32517D9E636F}.Release|Mixed Platforms.ActiveCfg = Release|Any CPU
		{849CC862-BB18-49CB-A0F4-32517D9E636F}.Release|Mixed Platforms.Build.0 = Release|Any CPU
		{849CC862-BB18-49CB-A0F4-32517D9E636F}.Release|x86.ActiveCfg = Release|Any CPU
		{D4D44DD6-E90B-455A-BD99-29BD62BDE255}.Debug|Any CPU.ActiveCfg = Debug|Any CPU
		{D4D44DD6-E90B-455A-BD99-29BD62BDE255}.Debug|Any CPU.Build.0 = Debug|Any CPU
		{D4D44DD6-E90B-455A-BD99-29BD62BDE255}.Debug|Mixed Platforms.ActiveCfg = Debug|Any CPU
		{D4D44DD6-E90B-455A-BD99-29BD62BDE255}.Debug|Mixed Platforms.Build.0 = Debug|Any CPU
		{D4D44DD6-E90B-455A-BD99-29BD62BDE255}.Debug|x86.ActiveCfg = Debug|Any CPU
		{D4D44DD6-E90B-455A-BD99-29BD62BDE255}.Release|Any CPU.ActiveCfg = Release|Any CPU
		{D4D44DD6-E90B-455A-BD99-29BD62BDE255}.Release|Any CPU.Build.0 = Release|Any CPU
		{D4D44DD6-E90B-455A-BD99-29BD62BDE255}.Release|Mixed Platforms.ActiveCfg = Release|Any CPU
		{D4D44DD6-E90B-455A-BD99-29BD62BDE255}.Release|Mixed Platforms.Build.0 = Release|Any CPU
		{D4D44DD6-E90B-455A-BD99-29BD62BDE255}.Release|x86.ActiveCfg = Release|Any CPU
		{65EEA753-C157-4D3C-93F8-CFC3DA094C16}.Debug|Any CPU.ActiveCfg = Debug|Any CPU
		{65EEA753-C157-4D3C-93F8-CFC3DA094C16}.Debug|Any CPU.Build.0 = Debug|Any CPU
		{65EEA753-C157-4D3C-93F8-CFC3DA094C16}.Debug|Mixed Platforms.ActiveCfg = Debug|Any CPU
		{65EEA753-C157-4D3C-93F8-CFC3DA094C16}.Debug|Mixed Platforms.Build.0 = Debug|Any CPU
		{65EEA753-C157-4D3C-93F8-CFC3DA094C16}.Debug|x86.ActiveCfg = Debug|Any CPU
		{65EEA753-C157-4D3C-93F8-CFC3DA094C16}.Release|Any CPU.ActiveCfg = Release|Any CPU
		{65EEA753-C157-4D3C-93F8-CFC3DA094C16}.Release|Any CPU.Build.0 = Release|Any CPU
		{65EEA753-C157-4D3C-93F8-CFC3DA094C16}.Release|Mixed Platforms.ActiveCfg = Release|Any CPU
		{65EEA753-C157-4D3C-93F8-CFC3DA094C16}.Release|Mixed Platforms.Build.0 = Release|Any CPU
		{65EEA753-C157-4D3C-93F8-CFC3DA094C16}.Release|x86.ActiveCfg = Release|Any CPU
	EndGlobalSection
	GlobalSection(SolutionProperties) = preSolution
		HideSolutionNode = FALSE
	EndGlobalSection
EndGlobal
